
Microsoft Visual Studio Solution File, Format Version 12.00
# Visual Studio 15
Project("{FAE04EC0-301F-11D3-BF4B-00C04F79EFBC}") = "UnityEngine.TestRunner", "UnityEngine.TestRunner.csproj", "{1A463CA2-B075-6FFA-F326-DED364A43EEF}"
EndProject
Project("{FAE04EC0-301F-11D3-BF4B-00C04F79EFBC}") = "UnityEngine.UI", "UnityEngine.UI.csproj", "{D4089D17-F91B-04AE-F70C-CE988C6888DD}"
EndProject
Project("{FAE04EC0-301F-11D3-BF4B-00C04F79EFBC}") = "Unity.Mathematics", "Unity.Mathematics.csproj", "{82CC7392-8280-FC4B-E10B-231C96B42EE6}"
EndProject
Project("{FAE04EC0-301F-11D3-BF4B-00C04F79EFBC}") = "Unity.InputSystem", "Unity.InputSystem.csproj", "{7C3F2FD0-012A-E307-D74A-CCB606D48962}"
EndProject
Project("{FAE04EC0-301F-11D3-BF4B-00C04F79EFBC}") = "Unity.2D.Animation.Triangle.Runtime", "Unity.2D.Animation.Triangle.Runtime.csproj", "{F3C7894D-8EDA-1430-CCA2-0AC07C4FA4F8}"
EndProject
Project("{FAE04EC0-301F-11D3-BF4B-00C04F79EFBC}") = "Unity.Timeline", "Unity.Timeline.csproj", "{B31E153E-91F9-3B84-60C3-CAC3F644ED34}"
EndProject
Project("{FAE04EC0-301F-11D3-BF4B-00C04F79EFBC}") = "Assembly-CSharp", "Assembly-CSharp.csproj", "{BEEA0F1E-7C60-0DBA-8DA2-1C59CFC6DADD}"
EndProject
Project("{FAE04EC0-301F-11D3-BF4B-00C04F79EFBC}") = "Cinemachine", "Cinemachine.csproj", "{5D077462-5EDF-0FD0-3840-18D1D2A6EAAC}"
EndProject
Project("{FAE04EC0-301F-11D3-BF4B-00C04F79EFBC}") = "Unity.TextMeshPro", "Unity.TextMeshPro.csproj", "{D53879FE-3A3B-1946-984A-6D54057E175E}"
EndProject
Project("{FAE04EC0-301F-11D3-BF4B-00C04F79EFBC}") = "Unity.2D.Animation.Runtime", "Unity.2D.Animation.Runtime.csproj", "{1C4931A5-DB62-E6A8-98AB-BBD70C9C4081}"
EndProject
Project("{FAE04EC0-301F-11D3-BF4B-00C04F79EFBC}") = "Unity.2D.IK.Runtime", "Unity.2D.IK.Runtime.csproj", "{9985CA8C-14EA-7D32-FF43-4A68C8103DAC}"
EndProject
Project("{FAE04EC0-301F-11D3-BF4B-00C04F79EFBC}") = "Unity.2D.Tilemap.Extras", "Unity.2D.Tilemap.Extras.csproj", "{77BB52E5-74BD-9FD2-367F-9076734BB1DD}"
EndProject
Project("{FAE04EC0-301F-11D3-BF4B-00C04F79EFBC}") = "Unity.2D.SpriteShape.Runtime", "Unity.2D.SpriteShape.Runtime.csproj", "{F237CCC4-575B-1A81-4482-42EFC6D07EB4}"
EndProject
Project("{FAE04EC0-301F-11D3-BF4B-00C04F79EFBC}") = "Unity.2D.PixelPerfect", "Unity.2D.PixelPerfect.csproj", "{2E8D9644-D27B-55EE-E21E-E227CF1AB037}"
EndProject
Project("{FAE04EC0-301F-11D3-BF4B-00C04F79EFBC}") = "Unity.2D.Common.Runtime", "Unity.2D.Common.Runtime.csproj", "{6A13AAC6-0E94-9CD4-FC31-6D45F37DD64B}"
EndProject
Project("{FAE04EC0-301F-11D3-BF4B-00C04F79EFBC}") = "Unity.InternalAPIEngineBridge.001", "Unity.InternalAPIEngineBridge.001.csproj", "{9E258C05-92E3-4176-071D-9E9442A3A9E7}"
EndProject
Project("{FAE04EC0-301F-11D3-BF4B-00C04F79EFBC}") = "Unity.Timeline.Editor", "Unity.Timeline.Editor.csproj", "{446AAFBE-0D94-2884-1776-7DE2B6944217}"
EndProject
Project("{FAE04EC0-301F-11D3-BF4B-00C04F79EFBC}") = "Unity.TextMeshPro.Editor", "Unity.TextMeshPro.Editor.csproj", "{EBEC392A-1C42-3EA4-FD50-5E2B46A06BC6}"
EndProject
Project("{FAE04EC0-301F-11D3-BF4B-00C04F79EFBC}") = "UnityEditor.TestRunner", "UnityEditor.TestRunner.csproj", "{200951B8-B634-F48B-B7F5-84E141DD4FDE}"
EndProject
Project("{FAE04EC0-301F-11D3-BF4B-00C04F79EFBC}") = "UnityEditor.UI", "UnityEditor.UI.csproj", "{E27BED7A-5980-2799-D8BF-208F435E6FC2}"
EndProject
Project("{FAE04EC0-301F-11D3-BF4B-00C04F79EFBC}") = "Unity.VisualStudio.Editor", "Unity.VisualStudio.Editor.csproj", "{AA400E53-468F-E05D-9A00-C649641C263E}"
EndProject
Project("{FAE04EC0-301F-11D3-BF4B-00C04F79EFBC}") = "com.unity.cinemachine.editor", "com.unity.cinemachine.editor.csproj", "{C392A4E4-EAB3-D80D-8328-D8930AFEA332}"
EndProject
Project("{FAE04EC0-301F-11D3-BF4B-00C04F79EFBC}") = "Unity.2D.Psdimporter.Editor", "Unity.2D.Psdimporter.Editor.csproj", "{624E7702-5372-485B-5C6F-BF5FAFC6B794}"
EndProject
Project("{FAE04EC0-301F-11D3-BF4B-00C04F79EFBC}") = "Unity.2D.Animation.Editor", "Unity.2D.Animation.Editor.csproj", "{34AB6151-C9B7-95C3-079B-B62FA276B6DF}"
EndProject
Project("{FAE04EC0-301F-11D3-BF4B-00C04F79EFBC}") = "Unity.2D.SpriteShape.Editor", "Unity.2D.SpriteShape.Editor.csproj", "{DFBDE39F-33EA-F159-DDD0-F3458E05576B}"
EndProject
Project("{FAE04EC0-301F-11D3-BF4B-00C04F79EFBC}") = "PsdPlugin", "PsdPlugin.csproj", "{43B12489-1E0A-CF42-800B-B6DF948D1351}"
EndProject
Project("{FAE04EC0-301F-11D3-BF4B-00C04F79EFBC}") = "Unity.2D.Path.Editor", "Unity.2D.Path.Editor.csproj", "{2FD5E4F9-F4A1-61E6-3DD7-413BB7ECAD00}"
EndProject
Project("{FAE04EC0-301F-11D3-BF4B-00C04F79EFBC}") = "Unity.Rider.Editor", "Unity.Rider.Editor.csproj", "{047A32D1-E641-02B3-BCC2-70DA0ECE0340}"
EndProject
Project("{FAE04EC0-301F-11D3-BF4B-00C04F79EFBC}") = "Unity.2D.IK.Editor", "Unity.2D.IK.Editor.csproj", "{154871DE-0A0C-7FDD-3116-AD0B1B489677}"
EndProject
Project("{FAE04EC0-301F-11D3-BF4B-00C04F79EFBC}") = "Unity.2D.Sprite.Editor", "Unity.2D.Sprite.Editor.csproj", "{E61BD8A8-7D75-B220-BF01-9FF458F093F1}"
EndProject
Project("{FAE04EC0-301F-11D3-BF4B-00C04F79EFBC}") = "Unity.2D.Tilemap.Editor", "Unity.2D.Tilemap.Editor.csproj", "{9B7F910F-1D3D-BAA0-DFC1-5C0451E3514E}"
EndProject
Project("{FAE04EC0-301F-11D3-BF4B-00C04F79EFBC}") = "Unity.2D.Tilemap.Extras.Editor", "Unity.2D.Tilemap.Extras.Editor.csproj", "{87AAE57A-883B-C932-CD0D-EE3974EA3260}"
EndProject
Project("{FAE04EC0-301F-11D3-BF4B-00C04F79EFBC}") = "Unity.2D.PixelPerfect.Editor", "Unity.2D.PixelPerfect.Editor.csproj", "{2EC5A1C8-691C-B37A-876A-6761F553A7A7}"
EndProject
Project("{FAE04EC0-301F-11D3-BF4B-00C04F79EFBC}") = "Unity.VSCode.Editor", "Unity.VSCode.Editor.csproj", "{4A0F0EA2-1F0C-35B7-9A10-548C1E63AFD0}"
EndProject
Project("{FAE04EC0-301F-11D3-BF4B-00C04F79EFBC}") = "Unity.2D.Common.Editor", "Unity.2D.Common.Editor.csproj", "{5D160042-DADD-7113-31EF-8943653442B3}"
EndProject
Project("{FAE04EC0-301F-11D3-BF4B-00C04F79EFBC}") = "Unity.Mathematics.Editor", "Unity.Mathematics.Editor.csproj", "{1DC22897-0F27-EF97-B14A-B1D603A55547}"
EndProject
Project("{FAE04EC0-301F-11D3-BF4B-00C04F79EFBC}") = "Unity.InternalAPIEditorBridge.001", "Unity.InternalAPIEditorBridge.001.csproj", "{98B08A31-5E07-53A6-32F0-60D5114FAD9F}"
EndProject
Project("{FAE04EC0-301F-11D3-BF4B-00C04F79EFBC}") = "UnityEngine.TestRunner", "UnityEngine.TestRunner.Player.csproj", "{994508ED-9C68-D12A-E712-F0D7E9175C4D}"
EndProject
Project("{FAE04EC0-301F-11D3-BF4B-00C04F79EFBC}") = "UnityEngine.UI", "UnityEngine.UI.Player.csproj", "{A73FC723-A18A-94FB-73C9-1C2DD40B42D3}"
EndProject
Project("{FAE04EC0-301F-11D3-BF4B-00C04F79EFBC}") = "Unity.Mathematics", "Unity.Mathematics.Player.csproj", "{1B8627C9-E331-1A6C-24C1-C73E3B869F15}"
EndProject
Project("{FAE04EC0-301F-11D3-BF4B-00C04F79EFBC}") = "Unity.InputSystem", "Unity.InputSystem.Player.csproj", "{F0828737-3738-8E95-0E1F-C3028462A198}"
EndProject
Project("{FAE04EC0-301F-11D3-BF4B-00C04F79EFBC}") = "Unity.2D.Animation.Triangle.Runtime", "Unity.2D.Animation.Triangle.Runtime.Player.csproj", "{07CAC300-05E6-F46C-89A1-81C29467E27E}"
EndProject
Project("{FAE04EC0-301F-11D3-BF4B-00C04F79EFBC}") = "Unity.Timeline", "Unity.Timeline.Player.csproj", "{1315F45B-C580-788F-41E9-00EDFBC45074}"
EndProject
Project("{FAE04EC0-301F-11D3-BF4B-00C04F79EFBC}") = "Assembly-CSharp", "Assembly-CSharp.Player.csproj", "{EEDDEA05-15B8-A43F-3741-89BAA7CDB9BA}"
EndProject
Project("{FAE04EC0-301F-11D3-BF4B-00C04F79EFBC}") = "Cinemachine", "Cinemachine.Player.csproj", "{D77B1F38-5D04-D64A-7CD2-562231AD0CD3}"
EndProject
Project("{FAE04EC0-301F-11D3-BF4B-00C04F79EFBC}") = "Unity.TextMeshPro", "Unity.TextMeshPro.Player.csproj", "{63B1EF19-7FBD-8E19-6B56-6325887B2694}"
EndProject
Project("{FAE04EC0-301F-11D3-BF4B-00C04F79EFBC}") = "Unity.2D.Animation.Runtime", "Unity.2D.Animation.Runtime.Player.csproj", "{5C643736-D709-42DF-4EF8-5F9121E52F4F}"
EndProject
Project("{FAE04EC0-301F-11D3-BF4B-00C04F79EFBC}") = "Unity.2D.IK.Runtime", "Unity.2D.IK.Runtime.Player.csproj", "{C3377C0A-1A28-69BB-2F94-4DA592810AF5}"
EndProject
Project("{FAE04EC0-301F-11D3-BF4B-00C04F79EFBC}") = "Unity.2D.Tilemap.Extras", "Unity.2D.Tilemap.Extras.Player.csproj", "{76D023C6-1AEC-4CB4-72F9-79AE7964088A}"
EndProject
Project("{FAE04EC0-301F-11D3-BF4B-00C04F79EFBC}") = "Unity.2D.SpriteShape.Runtime", "Unity.2D.SpriteShape.Runtime.Player.csproj", "{DA194DEC-18AD-A9A0-FC46-B3FEDB8027FF}"
EndProject
Project("{FAE04EC0-301F-11D3-BF4B-00C04F79EFBC}") = "Unity.2D.PixelPerfect", "Unity.2D.PixelPerfect.Player.csproj", "{9D2DA90F-B710-8AD6-FAE9-3751FC95DDFA}"
EndProject
Project("{FAE04EC0-301F-11D3-BF4B-00C04F79EFBC}") = "Unity.2D.Common.Runtime", "Unity.2D.Common.Runtime.Player.csproj", "{207F68C1-0DC2-3802-20F7-1CDD16376EE5}"
EndProject
Project("{FAE04EC0-301F-11D3-BF4B-00C04F79EFBC}") = "Unity.InternalAPIEngineBridge.001", "Unity.InternalAPIEngineBridge.001.Player.csproj", "{7B1FCDCC-20DC-49E2-8955-445AF2EB3D6B}"
EndProject
Global
	GlobalSection(SolutionConfigurationPlatforms) = preSolution
		Debug|Any CPU = Debug|Any CPU
		Release|Any CPU = Release|Any CPU
	EndGlobalSection
	GlobalSection(ProjectConfigurationPlatforms) = postSolution
		{1A463CA2-B075-6FFA-F326-DED364A43EEF}.Debug|Any CPU.ActiveCfg = Debug|Any CPU
		{1A463CA2-B075-6FFA-F326-DED364A43EEF}.Debug|Any CPU.Build.0 = Debug|Any CPU
		{1A463CA2-B075-6FFA-F326-DED364A43EEF}.Release|Any CPU.ActiveCfg = Release|Any CPU
		{1A463CA2-B075-6FFA-F326-DED364A43EEF}.Release|Any CPU.Build.0 = Release|Any CPU
		{D4089D17-F91B-04AE-F70C-CE988C6888DD}.Debug|Any CPU.ActiveCfg = Debug|Any CPU
		{D4089D17-F91B-04AE-F70C-CE988C6888DD}.Debug|Any CPU.Build.0 = Debug|Any CPU
		{D4089D17-F91B-04AE-F70C-CE988C6888DD}.Release|Any CPU.ActiveCfg = Release|Any CPU
		{D4089D17-F91B-04AE-F70C-CE988C6888DD}.Release|Any CPU.Build.0 = Release|Any CPU
		{82CC7392-8280-FC4B-E10B-231C96B42EE6}.Debug|Any CPU.ActiveCfg = Debug|Any CPU
		{82CC7392-8280-FC4B-E10B-231C96B42EE6}.Debug|Any CPU.Build.0 = Debug|Any CPU
		{82CC7392-8280-FC4B-E10B-231C96B42EE6}.Release|Any CPU.ActiveCfg = Release|Any CPU
		{82CC7392-8280-FC4B-E10B-231C96B42EE6}.Release|Any CPU.Build.0 = Release|Any CPU
		{7C3F2FD0-012A-E307-D74A-CCB606D48962}.Debug|Any CPU.ActiveCfg = Debug|Any CPU
		{7C3F2FD0-012A-E307-D74A-CCB606D48962}.Debug|Any CPU.Build.0 = Debug|Any CPU
		{7C3F2FD0-012A-E307-D74A-CCB606D48962}.Release|Any CPU.ActiveCfg = Release|Any CPU
		{7C3F2FD0-012A-E307-D74A-CCB606D48962}.Release|Any CPU.Build.0 = Release|Any CPU
		{F3C7894D-8EDA-1430-CCA2-0AC07C4FA4F8}.Debug|Any CPU.ActiveCfg = Debug|Any CPU
		{F3C7894D-8EDA-1430-CCA2-0AC07C4FA4F8}.Debug|Any CPU.Build.0 = Debug|Any CPU
		{F3C7894D-8EDA-1430-CCA2-0AC07C4FA4F8}.Release|Any CPU.ActiveCfg = Release|Any CPU
		{F3C7894D-8EDA-1430-CCA2-0AC07C4FA4F8}.Release|Any CPU.Build.0 = Release|Any CPU
		{B31E153E-91F9-3B84-60C3-CAC3F644ED34}.Debug|Any CPU.ActiveCfg = Debug|Any CPU
		{B31E153E-91F9-3B84-60C3-CAC3F644ED34}.Debug|Any CPU.Build.0 = Debug|Any CPU
		{B31E153E-91F9-3B84-60C3-CAC3F644ED34}.Release|Any CPU.ActiveCfg = Release|Any CPU
		{B31E153E-91F9-3B84-60C3-CAC3F644ED34}.Release|Any CPU.Build.0 = Release|Any CPU
		{BEEA0F1E-7C60-0DBA-8DA2-1C59CFC6DADD}.Debug|Any CPU.ActiveCfg = Debug|Any CPU
		{BEEA0F1E-7C60-0DBA-8DA2-1C59CFC6DADD}.Debug|Any CPU.Build.0 = Debug|Any CPU
		{BEEA0F1E-7C60-0DBA-8DA2-1C59CFC6DADD}.Release|Any CPU.ActiveCfg = Release|Any CPU
		{BEEA0F1E-7C60-0DBA-8DA2-1C59CFC6DADD}.Release|Any CPU.Build.0 = Release|Any CPU
		{5D077462-5EDF-0FD0-3840-18D1D2A6EAAC}.Debug|Any CPU.ActiveCfg = Debug|Any CPU
		{5D077462-5EDF-0FD0-3840-18D1D2A6EAAC}.Debug|Any CPU.Build.0 = Debug|Any CPU
		{5D077462-5EDF-0FD0-3840-18D1D2A6EAAC}.Release|Any CPU.ActiveCfg = Release|Any CPU
		{5D077462-5EDF-0FD0-3840-18D1D2A6EAAC}.Release|Any CPU.Build.0 = Release|Any CPU
		{D53879FE-3A3B-1946-984A-6D54057E175E}.Debug|Any CPU.ActiveCfg = Debug|Any CPU
		{D53879FE-3A3B-1946-984A-6D54057E175E}.Debug|Any CPU.Build.0 = Debug|Any CPU
		{D53879FE-3A3B-1946-984A-6D54057E175E}.Release|Any CPU.ActiveCfg = Release|Any CPU
		{D53879FE-3A3B-1946-984A-6D54057E175E}.Release|Any CPU.Build.0 = Release|Any CPU
		{1C4931A5-DB62-E6A8-98AB-BBD70C9C4081}.Debug|Any CPU.ActiveCfg = Debug|Any CPU
		{1C4931A5-DB62-E6A8-98AB-BBD70C9C4081}.Debug|Any CPU.Build.0 = Debug|Any CPU
		{1C4931A5-DB62-E6A8-98AB-BBD70C9C4081}.Release|Any CPU.ActiveCfg = Release|Any CPU
		{1C4931A5-DB62-E6A8-98AB-BBD70C9C4081}.Release|Any CPU.Build.0 = Release|Any CPU
		{9985CA8C-14EA-7D32-FF43-4A68C8103DAC}.Debug|Any CPU.ActiveCfg = Debug|Any CPU
		{9985CA8C-14EA-7D32-FF43-4A68C8103DAC}.Debug|Any CPU.Build.0 = Debug|Any CPU
		{9985CA8C-14EA-7D32-FF43-4A68C8103DAC}.Release|Any CPU.ActiveCfg = Release|Any CPU
		{9985CA8C-14EA-7D32-FF43-4A68C8103DAC}.Release|Any CPU.Build.0 = Release|Any CPU
		{77BB52E5-74BD-9FD2-367F-9076734BB1DD}.Debug|Any CPU.ActiveCfg = Debug|Any CPU
		{77BB52E5-74BD-9FD2-367F-9076734BB1DD}.Debug|Any CPU.Build.0 = Debug|Any CPU
		{77BB52E5-74BD-9FD2-367F-9076734BB1DD}.Release|Any CPU.ActiveCfg = Release|Any CPU
		{77BB52E5-74BD-9FD2-367F-9076734BB1DD}.Release|Any CPU.Build.0 = Release|Any CPU
		{F237CCC4-575B-1A81-4482-42EFC6D07EB4}.Debug|Any CPU.ActiveCfg = Debug|Any CPU
		{F237CCC4-575B-1A81-4482-42EFC6D07EB4}.Debug|Any CPU.Build.0 = Debug|Any CPU
		{F237CCC4-575B-1A81-4482-42EFC6D07EB4}.Release|Any CPU.ActiveCfg = Release|Any CPU
		{F237CCC4-575B-1A81-4482-42EFC6D07EB4}.Release|Any CPU.Build.0 = Release|Any CPU
		{2E8D9644-D27B-55EE-E21E-E227CF1AB037}.Debug|Any CPU.ActiveCfg = Debug|Any CPU
		{2E8D9644-D27B-55EE-E21E-E227CF1AB037}.Debug|Any CPU.Build.0 = Debug|Any CPU
		{2E8D9644-D27B-55EE-E21E-E227CF1AB037}.Release|Any CPU.ActiveCfg = Release|Any CPU
		{2E8D9644-D27B-55EE-E21E-E227CF1AB037}.Release|Any CPU.Build.0 = Release|Any CPU
		{6A13AAC6-0E94-9CD4-FC31-6D45F37DD64B}.Debug|Any CPU.ActiveCfg = Debug|Any CPU
		{6A13AAC6-0E94-9CD4-FC31-6D45F37DD64B}.Debug|Any CPU.Build.0 = Debug|Any CPU
		{6A13AAC6-0E94-9CD4-FC31-6D45F37DD64B}.Release|Any CPU.ActiveCfg = Release|Any CPU
		{6A13AAC6-0E94-9CD4-FC31-6D45F37DD64B}.Release|Any CPU.Build.0 = Release|Any CPU
		{9E258C05-92E3-4176-071D-9E9442A3A9E7}.Debug|Any CPU.ActiveCfg = Debug|Any CPU
		{9E258C05-92E3-4176-071D-9E9442A3A9E7}.Debug|Any CPU.Build.0 = Debug|Any CPU
		{9E258C05-92E3-4176-071D-9E9442A3A9E7}.Release|Any CPU.ActiveCfg = Release|Any CPU
		{9E258C05-92E3-4176-071D-9E9442A3A9E7}.Release|Any CPU.Build.0 = Release|Any CPU
		{446AAFBE-0D94-2884-1776-7DE2B6944217}.Debug|Any CPU.ActiveCfg = Debug|Any CPU
		{446AAFBE-0D94-2884-1776-7DE2B6944217}.Debug|Any CPU.Build.0 = Debug|Any CPU
		{446AAFBE-0D94-2884-1776-7DE2B6944217}.Release|Any CPU.ActiveCfg = Release|Any CPU
		{446AAFBE-0D94-2884-1776-7DE2B6944217}.Release|Any CPU.Build.0 = Release|Any CPU
		{EBEC392A-1C42-3EA4-FD50-5E2B46A06BC6}.Debug|Any CPU.ActiveCfg = Debug|Any CPU
		{EBEC392A-1C42-3EA4-FD50-5E2B46A06BC6}.Debug|Any CPU.Build.0 = Debug|Any CPU
		{EBEC392A-1C42-3EA4-FD50-5E2B46A06BC6}.Release|Any CPU.ActiveCfg = Release|Any CPU
		{EBEC392A-1C42-3EA4-FD50-5E2B46A06BC6}.Release|Any CPU.Build.0 = Release|Any CPU
		{200951B8-B634-F48B-B7F5-84E141DD4FDE}.Debug|Any CPU.ActiveCfg = Debug|Any CPU
		{200951B8-B634-F48B-B7F5-84E141DD4FDE}.Debug|Any CPU.Build.0 = Debug|Any CPU
		{200951B8-B634-F48B-B7F5-84E141DD4FDE}.Release|Any CPU.ActiveCfg = Release|Any CPU
		{200951B8-B634-F48B-B7F5-84E141DD4FDE}.Release|Any CPU.Build.0 = Release|Any CPU
		{E27BED7A-5980-2799-D8BF-208F435E6FC2}.Debug|Any CPU.ActiveCfg = Debug|Any CPU
		{E27BED7A-5980-2799-D8BF-208F435E6FC2}.Debug|Any CPU.Build.0 = Debug|Any CPU
		{E27BED7A-5980-2799-D8BF-208F435E6FC2}.Release|Any CPU.ActiveCfg = Release|Any CPU
		{E27BED7A-5980-2799-D8BF-208F435E6FC2}.Release|Any CPU.Build.0 = Release|Any CPU
		{AA400E53-468F-E05D-9A00-C649641C263E}.Debug|Any CPU.ActiveCfg = Debug|Any CPU
		{AA400E53-468F-E05D-9A00-C649641C263E}.Debug|Any CPU.Build.0 = Debug|Any CPU
		{AA400E53-468F-E05D-9A00-C649641C263E}.Release|Any CPU.ActiveCfg = Release|Any CPU
		{AA400E53-468F-E05D-9A00-C649641C263E}.Release|Any CPU.Build.0 = Release|Any CPU
		{C392A4E4-EAB3-D80D-8328-D8930AFEA332}.Debug|Any CPU.ActiveCfg = Debug|Any CPU
		{C392A4E4-EAB3-D80D-8328-D8930AFEA332}.Debug|Any CPU.Build.0 = Debug|Any CPU
		{C392A4E4-EAB3-D80D-8328-D8930AFEA332}.Release|Any CPU.ActiveCfg = Release|Any CPU
		{C392A4E4-EAB3-D80D-8328-D8930AFEA332}.Release|Any CPU.Build.0 = Release|Any CPU
		{624E7702-5372-485B-5C6F-BF5FAFC6B794}.Debug|Any CPU.ActiveCfg = Debug|Any CPU
		{624E7702-5372-485B-5C6F-BF5FAFC6B794}.Debug|Any CPU.Build.0 = Debug|Any CPU
		{624E7702-5372-485B-5C6F-BF5FAFC6B794}.Release|Any CPU.ActiveCfg = Release|Any CPU
		{624E7702-5372-485B-5C6F-BF5FAFC6B794}.Release|Any CPU.Build.0 = Release|Any CPU
		{34AB6151-C9B7-95C3-079B-B62FA276B6DF}.Debug|Any CPU.ActiveCfg = Debug|Any CPU
		{34AB6151-C9B7-95C3-079B-B62FA276B6DF}.Debug|Any CPU.Build.0 = Debug|Any CPU
		{34AB6151-C9B7-95C3-079B-B62FA276B6DF}.Release|Any CPU.ActiveCfg = Release|Any CPU
		{34AB6151-C9B7-95C3-079B-B62FA276B6DF}.Release|Any CPU.Build.0 = Release|Any CPU
		{DFBDE39F-33EA-F159-DDD0-F3458E05576B}.Debug|Any CPU.ActiveCfg = Debug|Any CPU
		{DFBDE39F-33EA-F159-DDD0-F3458E05576B}.Debug|Any CPU.Build.0 = Debug|Any CPU
		{DFBDE39F-33EA-F159-DDD0-F3458E05576B}.Release|Any CPU.ActiveCfg = Release|Any CPU
		{DFBDE39F-33EA-F159-DDD0-F3458E05576B}.Release|Any CPU.Build.0 = Release|Any CPU
		{43B12489-1E0A-CF42-800B-B6DF948D1351}.Debug|Any CPU.ActiveCfg = Debug|Any CPU
		{43B12489-1E0A-CF42-800B-B6DF948D1351}.Debug|Any CPU.Build.0 = Debug|Any CPU
		{43B12489-1E0A-CF42-800B-B6DF948D1351}.Release|Any CPU.ActiveCfg = Release|Any CPU
		{43B12489-1E0A-CF42-800B-B6DF948D1351}.Release|Any CPU.Build.0 = Release|Any CPU
		{2FD5E4F9-F4A1-61E6-3DD7-413BB7ECAD00}.Debug|Any CPU.ActiveCfg = Debug|Any CPU
		{2FD5E4F9-F4A1-61E6-3DD7-413BB7ECAD00}.Debug|Any CPU.Build.0 = Debug|Any CPU
		{2FD5E4F9-F4A1-61E6-3DD7-413BB7ECAD00}.Release|Any CPU.ActiveCfg = Release|Any CPU
		{2FD5E4F9-F4A1-61E6-3DD7-413BB7ECAD00}.Release|Any CPU.Build.0 = Release|Any CPU
		{047A32D1-E641-02B3-BCC2-70DA0ECE0340}.Debug|Any CPU.ActiveCfg = Debug|Any CPU
		{047A32D1-E641-02B3-BCC2-70DA0ECE0340}.Debug|Any CPU.Build.0 = Debug|Any CPU
		{047A32D1-E641-02B3-BCC2-70DA0ECE0340}.Release|Any CPU.ActiveCfg = Release|Any CPU
		{047A32D1-E641-02B3-BCC2-70DA0ECE0340}.Release|Any CPU.Build.0 = Release|Any CPU
		{154871DE-0A0C-7FDD-3116-AD0B1B489677}.Debug|Any CPU.ActiveCfg = Debug|Any CPU
		{154871DE-0A0C-7FDD-3116-AD0B1B489677}.Debug|Any CPU.Build.0 = Debug|Any CPU
		{154871DE-0A0C-7FDD-3116-AD0B1B489677}.Release|Any CPU.ActiveCfg = Release|Any CPU
		{154871DE-0A0C-7FDD-3116-AD0B1B489677}.Release|Any CPU.Build.0 = Release|Any CPU
		{E61BD8A8-7D75-B220-BF01-9FF458F093F1}.Debug|Any CPU.ActiveCfg = Debug|Any CPU
		{E61BD8A8-7D75-B220-BF01-9FF458F093F1}.Debug|Any CPU.Build.0 = Debug|Any CPU
		{E61BD8A8-7D75-B220-BF01-9FF458F093F1}.Release|Any CPU.ActiveCfg = Release|Any CPU
		{E61BD8A8-7D75-B220-BF01-9FF458F093F1}.Release|Any CPU.Build.0 = Release|Any CPU
		{9B7F910F-1D3D-BAA0-DFC1-5C0451E3514E}.Debug|Any CPU.ActiveCfg = Debug|Any CPU
		{9B7F910F-1D3D-BAA0-DFC1-5C0451E3514E}.Debug|Any CPU.Build.0 = Debug|Any CPU
		{9B7F910F-1D3D-BAA0-DFC1-5C0451E3514E}.Release|Any CPU.ActiveCfg = Release|Any CPU
		{9B7F910F-1D3D-BAA0-DFC1-5C0451E3514E}.Release|Any CPU.Build.0 = Release|Any CPU
		{87AAE57A-883B-C932-CD0D-EE3974EA3260}.Debug|Any CPU.ActiveCfg = Debug|Any CPU
		{87AAE57A-883B-C932-CD0D-EE3974EA3260}.Debug|Any CPU.Build.0 = Debug|Any CPU
		{87AAE57A-883B-C932-CD0D-EE3974EA3260}.Release|Any CPU.ActiveCfg = Release|Any CPU
		{87AAE57A-883B-C932-CD0D-EE3974EA3260}.Release|Any CPU.Build.0 = Release|Any CPU
		{2EC5A1C8-691C-B37A-876A-6761F553A7A7}.Debug|Any CPU.ActiveCfg = Debug|Any CPU
		{2EC5A1C8-691C-B37A-876A-6761F553A7A7}.Debug|Any CPU.Build.0 = Debug|Any CPU
		{2EC5A1C8-691C-B37A-876A-6761F553A7A7}.Release|Any CPU.ActiveCfg = Release|Any CPU
		{2EC5A1C8-691C-B37A-876A-6761F553A7A7}.Release|Any CPU.Build.0 = Release|Any CPU
		{4A0F0EA2-1F0C-35B7-9A10-548C1E63AFD0}.Debug|Any CPU.ActiveCfg = Debug|Any CPU
		{4A0F0EA2-1F0C-35B7-9A10-548C1E63AFD0}.Debug|Any CPU.Build.0 = Debug|Any CPU
		{4A0F0EA2-1F0C-35B7-9A10-548C1E63AFD0}.Release|Any CPU.ActiveCfg = Release|Any CPU
		{4A0F0EA2-1F0C-35B7-9A10-548C1E63AFD0}.Release|Any CPU.Build.0 = Release|Any CPU
		{5D160042-DADD-7113-31EF-8943653442B3}.Debug|Any CPU.ActiveCfg = Debug|Any CPU
		{5D160042-DADD-7113-31EF-8943653442B3}.Debug|Any CPU.Build.0 = Debug|Any CPU
		{5D160042-DADD-7113-31EF-8943653442B3}.Release|Any CPU.ActiveCfg = Release|Any CPU
		{5D160042-DADD-7113-31EF-8943653442B3}.Release|Any CPU.Build.0 = Release|Any CPU
		{1DC22897-0F27-EF97-B14A-B1D603A55547}.Debug|Any CPU.ActiveCfg = Debug|Any CPU
		{1DC22897-0F27-EF97-B14A-B1D603A55547}.Debug|Any CPU.Build.0 = Debug|Any CPU
		{1DC22897-0F27-EF97-B14A-B1D603A55547}.Release|Any CPU.ActiveCfg = Release|Any CPU
		{1DC22897-0F27-EF97-B14A-B1D603A55547}.Release|Any CPU.Build.0 = Release|Any CPU
		{98B08A31-5E07-53A6-32F0-60D5114FAD9F}.Debug|Any CPU.ActiveCfg = Debug|Any CPU
		{98B08A31-5E07-53A6-32F0-60D5114FAD9F}.Debug|Any CPU.Build.0 = Debug|Any CPU
		{98B08A31-5E07-53A6-32F0-60D5114FAD9F}.Release|Any CPU.ActiveCfg = Release|Any CPU
		{98B08A31-5E07-53A6-32F0-60D5114FAD9F}.Release|Any CPU.Build.0 = Release|Any CPU
		{994508ED-9C68-D12A-E712-F0D7E9175C4D}.Debug|Any CPU.ActiveCfg = Debug|Any CPU
		{994508ED-9C68-D12A-E712-F0D7E9175C4D}.Debug|Any CPU.Build.0 = Debug|Any CPU
		{994508ED-9C68-D12A-E712-F0D7E9175C4D}.Release|Any CPU.ActiveCfg = Release|Any CPU
		{994508ED-9C68-D12A-E712-F0D7E9175C4D}.Release|Any CPU.Build.0 = Release|Any CPU
		{A73FC723-A18A-94FB-73C9-1C2DD40B42D3}.Debug|Any CPU.ActiveCfg = Debug|Any CPU
		{A73FC723-A18A-94FB-73C9-1C2DD40B42D3}.Debug|Any CPU.Build.0 = Debug|Any CPU
		{A73FC723-A18A-94FB-73C9-1C2DD40B42D3}.Release|Any CPU.ActiveCfg = Release|Any CPU
		{A73FC723-A18A-94FB-73C9-1C2DD40B42D3}.Release|Any CPU.Build.0 = Release|Any CPU
		{1B8627C9-E331-1A6C-24C1-C73E3B869F15}.Debug|Any CPU.ActiveCfg = Debug|Any CPU
		{1B8627C9-E331-1A6C-24C1-C73E3B869F15}.Debug|Any CPU.Build.0 = Debug|Any CPU
		{1B8627C9-E331-1A6C-24C1-C73E3B869F15}.Release|Any CPU.ActiveCfg = Release|Any CPU
		{1B8627C9-E331-1A6C-24C1-C73E3B869F15}.Release|Any CPU.Build.0 = Release|Any CPU
		{F0828737-3738-8E95-0E1F-C3028462A198}.Debug|Any CPU.ActiveCfg = Debug|Any CPU
		{F0828737-3738-8E95-0E1F-C3028462A198}.Debug|Any CPU.Build.0 = Debug|Any CPU
		{F0828737-3738-8E95-0E1F-C3028462A198}.Release|Any CPU.ActiveCfg = Release|Any CPU
		{F0828737-3738-8E95-0E1F-C3028462A198}.Release|Any CPU.Build.0 = Release|Any CPU
		{07CAC300-05E6-F46C-89A1-81C29467E27E}.Debug|Any CPU.ActiveCfg = Debug|Any CPU
		{07CAC300-05E6-F46C-89A1-81C29467E27E}.Debug|Any CPU.Build.0 = Debug|Any CPU
		{07CAC300-05E6-F46C-89A1-81C29467E27E}.Release|Any CPU.ActiveCfg = Release|Any CPU
		{07CAC300-05E6-F46C-89A1-81C29467E27E}.Release|Any CPU.Build.0 = Release|Any CPU
		{1315F45B-C580-788F-41E9-00EDFBC45074}.Debug|Any CPU.ActiveCfg = Debug|Any CPU
		{1315F45B-C580-788F-41E9-00EDFBC45074}.Debug|Any CPU.Build.0 = Debug|Any CPU
		{1315F45B-C580-788F-41E9-00EDFBC45074}.Release|Any CPU.ActiveCfg = Release|Any CPU
		{1315F45B-C580-788F-41E9-00EDFBC45074}.Release|Any CPU.Build.0 = Release|Any CPU
		{EEDDEA05-15B8-A43F-3741-89BAA7CDB9BA}.Debug|Any CPU.ActiveCfg = Debug|Any CPU
		{EEDDEA05-15B8-A43F-3741-89BAA7CDB9BA}.Debug|Any CPU.Build.0 = Debug|Any CPU
		{EEDDEA05-15B8-A43F-3741-89BAA7CDB9BA}.Release|Any CPU.ActiveCfg = Release|Any CPU
		{EEDDEA05-15B8-A43F-3741-89BAA7CDB9BA}.Release|Any CPU.Build.0 = Release|Any CPU
		{D77B1F38-5D04-D64A-7CD2-562231AD0CD3}.Debug|Any CPU.ActiveCfg = Debug|Any CPU
		{D77B1F38-5D04-D64A-7CD2-562231AD0CD3}.Debug|Any CPU.Build.0 = Debug|Any CPU
		{D77B1F38-5D04-D64A-7CD2-562231AD0CD3}.Release|Any CPU.ActiveCfg = Release|Any CPU
		{D77B1F38-5D04-D64A-7CD2-562231AD0CD3}.Release|Any CPU.Build.0 = Release|Any CPU
		{63B1EF19-7FBD-8E19-6B56-6325887B2694}.Debug|Any CPU.ActiveCfg = Debug|Any CPU
		{63B1EF19-7FBD-8E19-6B56-6325887B2694}.Debug|Any CPU.Build.0 = Debug|Any CPU
		{63B1EF19-7FBD-8E19-6B56-6325887B2694}.Release|Any CPU.ActiveCfg = Release|Any CPU
		{63B1EF19-7FBD-8E19-6B56-6325887B2694}.Release|Any CPU.Build.0 = Release|Any CPU
		{5C643736-D709-42DF-4EF8-5F9121E52F4F}.Debug|Any CPU.ActiveCfg = Debug|Any CPU
		{5C643736-D709-42DF-4EF8-5F9121E52F4F}.Debug|Any CPU.Build.0 = Debug|Any CPU
		{5C643736-D709-42DF-4EF8-5F9121E52F4F}.Release|Any CPU.ActiveCfg = Release|Any CPU
		{5C643736-D709-42DF-4EF8-5F9121E52F4F}.Release|Any CPU.Build.0 = Release|Any CPU
		{C3377C0A-1A28-69BB-2F94-4DA592810AF5}.Debug|Any CPU.ActiveCfg = Debug|Any CPU
		{C3377C0A-1A28-69BB-2F94-4DA592810AF5}.Debug|Any CPU.Build.0 = Debug|Any CPU
		{C3377C0A-1A28-69BB-2F94-4DA592810AF5}.Release|Any CPU.ActiveCfg = Release|Any CPU
		{C3377C0A-1A28-69BB-2F94-4DA592810AF5}.Release|Any CPU.Build.0 = Release|Any CPU
		{76D023C6-1AEC-4CB4-72F9-79AE7964088A}.Debug|Any CPU.ActiveCfg = Debug|Any CPU
		{76D023C6-1AEC-4CB4-72F9-79AE7964088A}.Debug|Any CPU.Build.0 = Debug|Any CPU
		{76D023C6-1AEC-4CB4-72F9-79AE7964088A}.Release|Any CPU.ActiveCfg = Release|Any CPU
		{76D023C6-1AEC-4CB4-72F9-79AE7964088A}.Release|Any CPU.Build.0 = Release|Any CPU
		{DA194DEC-18AD-A9A0-FC46-B3FEDB8027FF}.Debug|Any CPU.ActiveCfg = Debug|Any CPU
		{DA194DEC-18AD-A9A0-FC46-B3FEDB8027FF}.Debug|Any CPU.Build.0 = Debug|Any CPU
		{DA194DEC-18AD-A9A0-FC46-B3FEDB8027FF}.Release|Any CPU.ActiveCfg = Release|Any CPU
		{DA194DEC-18AD-A9A0-FC46-B3FEDB8027FF}.Release|Any CPU.Build.0 = Release|Any CPU
		{9D2DA90F-B710-8AD6-FAE9-3751FC95DDFA}.Debug|Any CPU.ActiveCfg = Debug|Any CPU
		{9D2DA90F-B710-8AD6-FAE9-3751FC95DDFA}.Debug|Any CPU.Build.0 = Debug|Any CPU
		{9D2DA90F-B710-8AD6-FAE9-3751FC95DDFA}.Release|Any CPU.ActiveCfg = Release|Any CPU
		{9D2DA90F-B710-8AD6-FAE9-3751FC95DDFA}.Release|Any CPU.Build.0 = Release|Any CPU
		{207F68C1-0DC2-3802-20F7-1CDD16376EE5}.Debug|Any CPU.ActiveCfg = Debug|Any CPU
		{207F68C1-0DC2-3802-20F7-1CDD16376EE5}.Debug|Any CPU.Build.0 = Debug|Any CPU
		{207F68C1-0DC2-3802-20F7-1CDD16376EE5}.Release|Any CPU.ActiveCfg = Release|Any CPU
		{207F68C1-0DC2-3802-20F7-1CDD16376EE5}.Release|Any CPU.Build.0 = Release|Any CPU
		{7B1FCDCC-20DC-49E2-8955-445AF2EB3D6B}.Debug|Any CPU.ActiveCfg = Debug|Any CPU
		{7B1FCDCC-20DC-49E2-8955-445AF2EB3D6B}.Debug|Any CPU.Build.0 = Debug|Any CPU
		{7B1FCDCC-20DC-49E2-8955-445AF2EB3D6B}.Release|Any CPU.ActiveCfg = Release|Any CPU
		{7B1FCDCC-20DC-49E2-8955-445AF2EB3D6B}.Release|Any CPU.Build.0 = Release|Any CPU
	EndGlobalSection
	GlobalSection(SolutionProperties) = preSolution
		HideSolutionNode = FALSE
	EndGlobalSection
EndGlobal
