
Microsoft Visual Studio Solution File, Format Version 12.00
# Visual Studio 15
Project("{FAE04EC0-301F-11D3-BF4B-00C04F79EFBC}") = "Assembly-CSharp", "Assembly-CSharp.csproj", "{BEEA0F1E-7C60-0DBA-8DA2-1C59CFC6DADD}"
EndProject
Global
	GlobalSection(SolutionConfigurationPlatforms) = preSolution
		Debug|Any CPU = Debug|Any CPU
		Release|Any CPU = Release|Any CPU
	EndGlobalSection
	GlobalSection(ProjectConfigurationPlatforms) = postSolution
		{BEEA0F1E-7C60-0DBA-8DA2-1C59CFC6DADD}.Debug|Any CPU.ActiveCfg = Debug|Any CPU
		{BEEA0F1E-7C60-0DBA-8DA2-1C59CFC6DADD}.Debug|Any CPU.Build.0 = Debug|Any CPU
		{BEEA0F1E-7C60-0DBA-8DA2-1C59CFC6DADD}.Release|Any CPU.ActiveCfg = Release|Any CPU
		{BEEA0F1E-7C60-0DBA-8DA2-1C59CFC6DADD}.Release|Any CPU.Build.0 = Release|Any CPU
	EndGlobalSection
	GlobalSection(SolutionProperties) = preSolution
		HideSolutionNode = FALSE
	EndGlobalSection
EndGlobal
